
Microsoft Visual Studio Solution File, Format Version 12.00
# Visual Studio Version 17
VisualStudioVersion = 17.14.36310.24 d17.14
MinimumVisualStudioVersion = 10.0.40219.1
Project("{FAE04EC0-301F-11D3-BF4B-00C04F79EFBC}") = "6.condicionalmultipleterciario", "6.condicionalmultipleterciario\6.condicionalmultipleterciario.csproj", "{7360FF01-274F-4051-8797-1AEE59323063}"
EndProject
Global
	GlobalSection(SolutionConfigurationPlatforms) = preSolution
		Debug|Any CPU = Debug|Any CPU
		Release|Any CPU = Release|Any CPU
	EndGlobalSection
	GlobalSection(ProjectConfigurationPlatforms) = postSolution
		{7360FF01-274F-4051-8797-1AEE59323063}.Debug|Any CPU.ActiveCfg = Debug|Any CPU
		{7360FF01-274F-4051-8797-1AEE59323063}.Debug|Any CPU.Build.0 = Debug|Any CPU
		{7360FF01-274F-4051-8797-1AEE59323063}.Release|Any CPU.ActiveCfg = Release|Any CPU
		{7360FF01-274F-4051-8797-1AEE59323063}.Release|Any CPU.Build.0 = Release|Any CPU
	EndGlobalSection
	GlobalSection(SolutionProperties) = preSolution
		HideSolutionNode = FALSE
	EndGlobalSection
	GlobalSection(ExtensibilityGlobals) = postSolution
		SolutionGuid = {FF8F0AFC-9645-4B2C-A19B-A8FD8BFAA42D}
	EndGlobalSection
EndGlobal
