
Microsoft Visual Studio Solution File, Format Version 12.00
# Visual Studio Version 17
VisualStudioVersion = 17.14.36310.24 d17.14
MinimumVisualStudioVersion = 10.0.40219.1
Project("{FAE04EC0-301F-11D3-BF4B-00C04F79EFBC}") = "27.matriz", "27.matriz\27.matriz.csproj", "{0A0CB5DE-2A98-4F7B-9479-A9A6BF7DEB64}"
EndProject
Global
	GlobalSection(SolutionConfigurationPlatforms) = preSolution
		Debug|Any CPU = Debug|Any CPU
		Release|Any CPU = Release|Any CPU
	EndGlobalSection
	GlobalSection(ProjectConfigurationPlatforms) = postSolution
		{0A0CB5DE-2A98-4F7B-9479-A9A6BF7DEB64}.Debug|Any CPU.ActiveCfg = Debug|Any CPU
		{0A0CB5DE-2A98-4F7B-9479-A9A6BF7DEB64}.Debug|Any CPU.Build.0 = Debug|Any CPU
		{0A0CB5DE-2A98-4F7B-9479-A9A6BF7DEB64}.Release|Any CPU.ActiveCfg = Release|Any CPU
		{0A0CB5DE-2A98-4F7B-9479-A9A6BF7DEB64}.Release|Any CPU.Build.0 = Release|Any CPU
	EndGlobalSection
	GlobalSection(SolutionProperties) = preSolution
		HideSolutionNode = FALSE
	EndGlobalSection
	GlobalSection(ExtensibilityGlobals) = postSolution
		SolutionGuid = {1413F45C-9132-4365-AE39-278A378C1B88}
	EndGlobalSection
EndGlobal
